// !$*UTF8*$!
{
	archiveVersion = 1;
	classes = {
	};
	objectVersion = 50;
	objects = {

/* Begin PBXBuildFile section */
		FC17C9A22827F16F0063603F /* SwiftUIBootcamp_IntermediateApp.swift in Sources */ = {isa = PBXBuildFile; fileRef = FC17C9A12827F16F0063603F /* SwiftUIBootcamp_IntermediateApp.swift */; };
		FC17C9A62827F1830063603F /* Assets.xcassets in Resources */ = {isa = PBXBuildFile; fileRef = FC17C9A52827F1830063603F /* Assets.xcassets */; };
		FC17C9A92827F1830063603F /* Preview Assets.xcassets in Resources */ = {isa = PBXBuildFile; fileRef = FC17C9A82827F1830063603F /* Preview Assets.xcassets */; };
		FC17C9B32827F3160063603F /* LongPressGesture.swift in Sources */ = {isa = PBXBuildFile; fileRef = FC17C9B22827F3160063603F /* LongPressGesture.swift */; };
		FC35FA2F282847E800DE18FF /* RotationGestureOfBootcamp.swift in Sources */ = {isa = PBXBuildFile; fileRef = FC35FA2E282847E800DE18FF /* RotationGestureOfBootcamp.swift */; };
		FC35FA35282850C700DE18FF /* DragGestureOfBootcamp.swift in Sources */ = {isa = PBXBuildFile; fileRef = FC35FA34282850C700DE18FF /* DragGestureOfBootcamp.swift */; };
		FC35FA3A2828652D00DE18FF /* DragGestureTwoOfBootcamp.swift in Sources */ = {isa = PBXBuildFile; fileRef = FC35FA392828652D00DE18FF /* DragGestureTwoOfBootcamp.swift */; };
		FC3A7F082829516400391504 /* ScrollViewReaderOfBootcamp.swift in Sources */ = {isa = PBXBuildFile; fileRef = FC3A7F072829516400391504 /* ScrollViewReaderOfBootcamp.swift */; };
		FCEB442F282819B4006D491C /* MagnificationGestureOfBootcamp.swift in Sources */ = {isa = PBXBuildFile; fileRef = FCEB442E282819B4006D491C /* MagnificationGestureOfBootcamp.swift */; };
/* End PBXBuildFile section */

/* Begin PBXFileReference section */
		FC17C99E2827F16F0063603F /* SwiftUIBootcamp-Intermediate.app */ = {isa = PBXFileReference; explicitFileType = wrapper.application; includeInIndex = 0; path = "SwiftUIBootcamp-Intermediate.app"; sourceTree = BUILT_PRODUCTS_DIR; };
		FC17C9A12827F16F0063603F /* SwiftUIBootcamp_IntermediateApp.swift */ = {isa = PBXFileReference; lastKnownFileType = sourcecode.swift; path = SwiftUIBootcamp_IntermediateApp.swift; sourceTree = "<group>"; };
		FC17C9A52827F1830063603F /* Assets.xcassets */ = {isa = PBXFileReference; lastKnownFileType = folder.assetcatalog; path = Assets.xcassets; sourceTree = "<group>"; };
		FC17C9A82827F1830063603F /* Preview Assets.xcassets */ = {isa = PBXFileReference; lastKnownFileType = folder.assetcatalog; path = "Preview Assets.xcassets"; sourceTree = "<group>"; };
		FC17C9AA2827F1830063603F /* Info.plist */ = {isa = PBXFileReference; lastKnownFileType = text.plist.xml; path = Info.plist; sourceTree = "<group>"; };
		FC17C9B22827F3160063603F /* LongPressGesture.swift */ = {isa = PBXFileReference; lastKnownFileType = sourcecode.swift; path = LongPressGesture.swift; sourceTree = "<group>"; };
		FC35FA2E282847E800DE18FF /* RotationGestureOfBootcamp.swift */ = {isa = PBXFileReference; lastKnownFileType = sourcecode.swift; path = RotationGestureOfBootcamp.swift; sourceTree = "<group>"; };
		FC35FA34282850C700DE18FF /* DragGestureOfBootcamp.swift */ = {isa = PBXFileReference; lastKnownFileType = sourcecode.swift; path = DragGestureOfBootcamp.swift; sourceTree = "<group>"; };
		FC35FA392828652D00DE18FF /* DragGestureTwoOfBootcamp.swift */ = {isa = PBXFileReference; lastKnownFileType = sourcecode.swift; path = DragGestureTwoOfBootcamp.swift; sourceTree = "<group>"; };
		FC3A7F072829516400391504 /* ScrollViewReaderOfBootcamp.swift */ = {isa = PBXFileReference; lastKnownFileType = sourcecode.swift; path = ScrollViewReaderOfBootcamp.swift; sourceTree = "<group>"; };
		FCEB442E282819B4006D491C /* MagnificationGestureOfBootcamp.swift */ = {isa = PBXFileReference; lastKnownFileType = sourcecode.swift; path = MagnificationGestureOfBootcamp.swift; sourceTree = "<group>"; };
/* End PBXFileReference section */

/* Begin PBXFrameworksBuildPhase section */
		FC17C99B2827F16E0063603F /* Frameworks */ = {
			isa = PBXFrameworksBuildPhase;
			buildActionMask = 2147483647;
			files = (
			);
			runOnlyForDeploymentPostprocessing = 0;
		};
/* End PBXFrameworksBuildPhase section */

/* Begin PBXGroup section */
		FC17C9952827F16E0063603F = {
			isa = PBXGroup;
			children = (
				FC17C9A02827F16F0063603F /* SwiftUIBootcamp-Intermediate */,
				FC17C99F2827F16F0063603F /* Products */,
			);
			sourceTree = "<group>";
		};
		FC17C99F2827F16F0063603F /* Products */ = {
			isa = PBXGroup;
			children = (
				FC17C99E2827F16F0063603F /* SwiftUIBootcamp-Intermediate.app */,
			);
			name = Products;
			sourceTree = "<group>";
		};
		FC17C9A02827F16F0063603F /* SwiftUIBootcamp-Intermediate */ = {
			isa = PBXGroup;
			children = (
				FC35FA3C282875BB00DE18FF /* Gestures */,
				FC17C9A12827F16F0063603F /* SwiftUIBootcamp_IntermediateApp.swift */,
				FC17C9A52827F1830063603F /* Assets.xcassets */,
				FC17C9AA2827F1830063603F /* Info.plist */,
				FC17C9A72827F1830063603F /* Preview Content */,
				FC3A7F072829516400391504 /* ScrollViewReaderOfBootcamp.swift */,
			);
			path = "SwiftUIBootcamp-Intermediate";
			sourceTree = "<group>";
		};
		FC17C9A72827F1830063603F /* Preview Content */ = {
			isa = PBXGroup;
			children = (
				FC17C9A82827F1830063603F /* Preview Assets.xcassets */,
			);
			path = "Preview Content";
			sourceTree = "<group>";
		};
		FC35FA3C282875BB00DE18FF /* Gestures */ = {
			isa = PBXGroup;
			children = (
				FC17C9B22827F3160063603F /* LongPressGesture.swift */,
				FCEB442E282819B4006D491C /* MagnificationGestureOfBootcamp.swift */,
				FC35FA2E282847E800DE18FF /* RotationGestureOfBootcamp.swift */,
				FC35FA34282850C700DE18FF /* DragGestureOfBootcamp.swift */,
				FC35FA392828652D00DE18FF /* DragGestureTwoOfBootcamp.swift */,
			);
			path = Gestures;
			sourceTree = "<group>";
		};
/* End PBXGroup section */

/* Begin PBXNativeTarget section */
		FC17C99D2827F16E0063603F /* SwiftUIBootcamp-Intermediate */ = {
			isa = PBXNativeTarget;
			buildConfigurationList = FC17C9AD2827F1830063603F /* Build configuration list for PBXNativeTarget "SwiftUIBootcamp-Intermediate" */;
			buildPhases = (
				FC17C99A2827F16E0063603F /* Sources */,
				FC17C99B2827F16E0063603F /* Frameworks */,
				FC17C99C2827F16E0063603F /* Resources */,
			);
			buildRules = (
			);
			dependencies = (
			);
			name = "SwiftUIBootcamp-Intermediate";
			productName = "SwiftUIBootcamp-Intermediate";
			productReference = FC17C99E2827F16F0063603F /* SwiftUIBootcamp-Intermediate.app */;
			productType = "com.apple.product-type.application";
		};
/* End PBXNativeTarget section */

/* Begin PBXProject section */
		FC17C9962827F16E0063603F /* Project object */ = {
			isa = PBXProject;
			attributes = {
				LastSwiftUpdateCheck = 1240;
				LastUpgradeCheck = 1240;
				TargetAttributes = {
					FC17C99D2827F16E0063603F = {
						CreatedOnToolsVersion = 12.4;
					};
				};
			};
			buildConfigurationList = FC17C9992827F16E0063603F /* Build configuration list for PBXProject "SwiftUIBootcamp-Intermediate" */;
			compatibilityVersion = "Xcode 9.3";
			developmentRegion = en;
			hasScannedForEncodings = 0;
			knownRegions = (
				en,
				Base,
			);
			mainGroup = FC17C9952827F16E0063603F;
			productRefGroup = FC17C99F2827F16F0063603F /* Products */;
			projectDirPath = "";
			projectRoot = "";
			targets = (
				FC17C99D2827F16E0063603F /* SwiftUIBootcamp-Intermediate */,
			);
		};
/* End PBXProject section */

/* Begin PBXResourcesBuildPhase section */
		FC17C99C2827F16E0063603F /* Resources */ = {
			isa = PBXResourcesBuildPhase;
			buildActionMask = 2147483647;
			files = (
				FC17C9A92827F1830063603F /* Preview Assets.xcassets in Resources */,
				FC17C9A62827F1830063603F /* Assets.xcassets in Resources */,
			);
			runOnlyForDeploymentPostprocessing = 0;
		};
/* End PBXResourcesBuildPhase section */

/* Begin PBXSourcesBuildPhase section */
		FC17C99A2827F16E0063603F /* Sources */ = {
			isa = PBXSourcesBuildPhase;
			buildActionMask = 2147483647;
			files = (
				FCEB442F282819B4006D491C /* MagnificationGestureOfBootcamp.swift in Sources */,
				FC17C9A22827F16F0063603F /* SwiftUIBootcamp_IntermediateApp.swift in Sources */,
				FC17C9B32827F3160063603F /* LongPressGesture.swift in Sources */,
				FC3A7F082829516400391504 /* ScrollViewReaderOfBootcamp.swift in Sources */,
				FC35FA2F282847E800DE18FF /* RotationGestureOfBootcamp.swift in Sources */,
				FC35FA3A2828652D00DE18FF /* DragGestureTwoOfBootcamp.swift in Sources */,
				FC35FA35282850C700DE18FF /* DragGestureOfBootcamp.swift in Sources */,
			);
			runOnlyForDeploymentPostprocessing = 0;
		};
/* End PBXSourcesBuildPhase section */

/* Begin XCBuildConfiguration section */
		FC17C9AB2827F1830063603F /* Debug */ = {
			isa = XCBuildConfiguration;
			buildSettings = {
				ALWAYS_SEARCH_USER_PATHS = NO;
				CLANG_ANALYZER_NONNULL = YES;
				CLANG_ANALYZER_NUMBER_OBJECT_CONVERSION = YES_AGGRESSIVE;
				CLANG_CXX_LANGUAGE_STANDARD = "gnu++14";
				CLANG_CXX_LIBRARY = "libc++";
				CLANG_ENABLE_MODULES = YES;
				CLANG_ENABLE_OBJC_ARC = YES;
				CLANG_ENABLE_OBJC_WEAK = YES;
				CLANG_WARN_BLOCK_CAPTURE_AUTORELEASING = YES;
				CLANG_WARN_BOOL_CONVERSION = YES;
				CLANG_WARN_COMMA = YES;
				CLANG_WARN_CONSTANT_CONVERSION = YES;
				CLANG_WARN_DEPRECATED_OBJC_IMPLEMENTATIONS = YES;
				CLANG_WARN_DIRECT_OBJC_ISA_USAGE = YES_ERROR;
				CLANG_WARN_DOCUMENTATION_COMMENTS = YES;
				CLANG_WARN_EMPTY_BODY = YES;
				CLANG_WARN_ENUM_CONVERSION = YES;
				CLANG_WARN_INFINITE_RECURSION = YES;
				CLANG_WARN_INT_CONVERSION = YES;
				CLANG_WARN_NON_LITERAL_NULL_CONVERSION = YES;
				CLANG_WARN_OBJC_IMPLICIT_RETAIN_SELF = YES;
				CLANG_WARN_OBJC_LITERAL_CONVERSION = YES;
				CLANG_WARN_OBJC_ROOT_CLASS = YES_ERROR;
				CLANG_WARN_QUOTED_INCLUDE_IN_FRAMEWORK_HEADER = YES;
				CLANG_WARN_RANGE_LOOP_ANALYSIS = YES;
				CLANG_WARN_STRICT_PROTOTYPES = YES;
				CLANG_WARN_SUSPICIOUS_MOVE = YES;
				CLANG_WARN_UNGUARDED_AVAILABILITY = YES_AGGRESSIVE;
				CLANG_WARN_UNREACHABLE_CODE = YES;
				CLANG_WARN__DUPLICATE_METHOD_MATCH = YES;
				COPY_PHASE_STRIP = NO;
				DEBUG_INFORMATION_FORMAT = dwarf;
				ENABLE_STRICT_OBJC_MSGSEND = YES;
				ENABLE_TESTABILITY = YES;
				GCC_C_LANGUAGE_STANDARD = gnu11;
				GCC_DYNAMIC_NO_PIC = NO;
				GCC_NO_COMMON_BLOCKS = YES;
				GCC_OPTIMIZATION_LEVEL = 0;
				GCC_PREPROCESSOR_DEFINITIONS = (
					"DEBUG=1",
					"$(inherited)",
				);
				GCC_WARN_64_TO_32_BIT_CONVERSION = YES;
				GCC_WARN_ABOUT_RETURN_TYPE = YES_ERROR;
				GCC_WARN_UNDECLARED_SELECTOR = YES;
				GCC_WARN_UNINITIALIZED_AUTOS = YES_AGGRESSIVE;
				GCC_WARN_UNUSED_FUNCTION = YES;
				GCC_WARN_UNUSED_VARIABLE = YES;
				IPHONEOS_DEPLOYMENT_TARGET = 14.4;
				MTL_ENABLE_DEBUG_INFO = INCLUDE_SOURCE;
				MTL_FAST_MATH = YES;
				ONLY_ACTIVE_ARCH = YES;
				SDKROOT = iphoneos;
				SWIFT_ACTIVE_COMPILATION_CONDITIONS = DEBUG;
				SWIFT_OPTIMIZATION_LEVEL = "-Onone";
			};
			name = Debug;
		};
		FC17C9AC2827F1830063603F /* Release */ = {
			isa = XCBuildConfiguration;
			buildSettings = {
				ALWAYS_SEARCH_USER_PATHS = NO;
				CLANG_ANALYZER_NONNULL = YES;
				CLANG_ANALYZER_NUMBER_OBJECT_CONVERSION = YES_AGGRESSIVE;
				CLANG_CXX_LANGUAGE_STANDARD = "gnu++14";
				CLANG_CXX_LIBRARY = "libc++";
				CLANG_ENABLE_MODULES = YES;
				CLANG_ENABLE_OBJC_ARC = YES;
				CLANG_ENABLE_OBJC_WEAK = YES;
				CLANG_WARN_BLOCK_CAPTURE_AUTORELEASING = YES;
				CLANG_WARN_BOOL_CONVERSION = YES;
				CLANG_WARN_COMMA = YES;
				CLANG_WARN_CONSTANT_CONVERSION = YES;
				CLANG_WARN_DEPRECATED_OBJC_IMPLEMENTATIONS = YES;
				CLANG_WARN_DIRECT_OBJC_ISA_USAGE = YES_ERROR;
				CLANG_WARN_DOCUMENTATION_COMMENTS = YES;
				CLANG_WARN_EMPTY_BODY = YES;
				CLANG_WARN_ENUM_CONVERSION = YES;
				CLANG_WARN_INFINITE_RECURSION = YES;
				CLANG_WARN_INT_CONVERSION = YES;
				CLANG_WARN_NON_LITERAL_NULL_CONVERSION = YES;
				CLANG_WARN_OBJC_IMPLICIT_RETAIN_SELF = YES;
				CLANG_WARN_OBJC_LITERAL_CONVERSION = YES;
				CLANG_WARN_OBJC_ROOT_CLASS = YES_ERROR;
				CLANG_WARN_QUOTED_INCLUDE_IN_FRAMEWORK_HEADER = YES;
				CLANG_WARN_RANGE_LOOP_ANALYSIS = YES;
				CLANG_WARN_STRICT_PROTOTYPES = YES;
				CLANG_WARN_SUSPICIOUS_MOVE = YES;
				CLANG_WARN_UNGUARDED_AVAILABILITY = YES_AGGRESSIVE;
				CLANG_WARN_UNREACHABLE_CODE = YES;
				CLANG_WARN__DUPLICATE_METHOD_MATCH = YES;
				COPY_PHASE_STRIP = NO;
				DEBUG_INFORMATION_FORMAT = "dwarf-with-dsym";
				ENABLE_NS_ASSERTIONS = NO;
				ENABLE_STRICT_OBJC_MSGSEND = YES;
				GCC_C_LANGUAGE_STANDARD = gnu11;
				GCC_NO_COMMON_BLOCKS = YES;
				GCC_WARN_64_TO_32_BIT_CONVERSION = YES;
				GCC_WARN_ABOUT_RETURN_TYPE = YES_ERROR;
				GCC_WARN_UNDECLARED_SELECTOR = YES;
				GCC_WARN_UNINITIALIZED_AUTOS = YES_AGGRESSIVE;
				GCC_WARN_UNUSED_FUNCTION = YES;
				GCC_WARN_UNUSED_VARIABLE = YES;
				IPHONEOS_DEPLOYMENT_TARGET = 14.4;
				MTL_ENABLE_DEBUG_INFO = NO;
				MTL_FAST_MATH = YES;
				SDKROOT = iphoneos;
				SWIFT_COMPILATION_MODE = wholemodule;
				SWIFT_OPTIMIZATION_LEVEL = "-O";
				VALIDATE_PRODUCT = YES;
			};
			name = Release;
		};
		FC17C9AE2827F1830063603F /* Debug */ = {
			isa = XCBuildConfiguration;
			buildSettings = {
				ASSETCATALOG_COMPILER_APPICON_NAME = AppIcon;
				ASSETCATALOG_COMPILER_GLOBAL_ACCENT_COLOR_NAME = AccentColor;
				CODE_SIGN_STYLE = Automatic;
				DEVELOPMENT_ASSET_PATHS = "\"SwiftUIBootcamp-Intermediate/Preview Content\"";
				DEVELOPMENT_TEAM = DP2357V4FR;
				ENABLE_PREVIEWS = YES;
				INFOPLIST_FILE = "SwiftUIBootcamp-Intermediate/Info.plist";
				IPHONEOS_DEPLOYMENT_TARGET = 14.0;
				LD_RUNPATH_SEARCH_PATHS = (
					"$(inherited)",
					"@executable_path/Frameworks",
				);
				PRODUCT_BUNDLE_IDENTIFIER = "herbin.SwiftUIBootcamp-Intermediate";
				PRODUCT_NAME = "$(TARGET_NAME)";
				SWIFT_VERSION = 5.0;
				TARGETED_DEVICE_FAMILY = "1,2";
			};
			name = Debug;
		};
		FC17C9AF2827F1830063603F /* Release */ = {
			isa = XCBuildConfiguration;
			buildSettings = {
				ASSETCATALOG_COMPILER_APPICON_NAME = AppIcon;
				ASSETCATALOG_COMPILER_GLOBAL_ACCENT_COLOR_NAME = AccentColor;
				CODE_SIGN_STYLE = Automatic;
				DEVELOPMENT_ASSET_PATHS = "\"SwiftUIBootcamp-Intermediate/Preview Content\"";
				DEVELOPMENT_TEAM = DP2357V4FR;
				ENABLE_PREVIEWS = YES;
				INFOPLIST_FILE = "SwiftUIBootcamp-Intermediate/Info.plist";
				IPHONEOS_DEPLOYMENT_TARGET = 14.0;
				LD_RUNPATH_SEARCH_PATHS = (
					"$(inherited)",
					"@executable_path/Frameworks",
				);
				PRODUCT_BUNDLE_IDENTIFIER = "herbin.SwiftUIBootcamp-Intermediate";
				PRODUCT_NAME = "$(TARGET_NAME)";
				SWIFT_VERSION = 5.0;
				TARGETED_DEVICE_FAMILY = "1,2";
			};
			name = Release;
		};
/* End XCBuildConfiguration section */

/* Begin XCConfigurationList section */
		FC17C9992827F16E0063603F /* Build configuration list for PBXProject "SwiftUIBootcamp-Intermediate" */ = {
			isa = XCConfigurationList;
			buildConfigurations = (
				FC17C9AB2827F1830063603F /* Debug */,
				FC17C9AC2827F1830063603F /* Release */,
			);
			defaultConfigurationIsVisible = 0;
			defaultConfigurationName = Release;
		};
		FC17C9AD2827F1830063603F /* Build configuration list for PBXNativeTarget "SwiftUIBootcamp-Intermediate" */ = {
			isa = XCConfigurationList;
			buildConfigurations = (
				FC17C9AE2827F1830063603F /* Debug */,
				FC17C9AF2827F1830063603F /* Release */,
			);
			defaultConfigurationIsVisible = 0;
			defaultConfigurationName = Release;
		};
/* End XCConfigurationList section */
	};
	rootObject = FC17C9962827F16E0063603F /* Project object */;
}
